
Microsoft Visual Studio Solution File, Format Version 12.00
# Visual Studio Version 17
VisualStudioVersion = 17.3.32804.467
MinimumVisualStudioVersion = 10.0.40219.1
Project("{9A19103F-16F7-4668-BE54-9A1E7A4F7556}") = "Wei.Repository", "Wei.Repository\Wei.Repository.csproj", "{F05B885D-3428-4179-B3E4-67F9156BBE13}"
EndProject
Project("{2150E333-8FDC-42A3-9474-1A3956D46DE8}") = "Demo", "Demo", "{D670B26E-75C6-4B4A-89C9-1436A7D26CFC}"
EndProject
Project("{9A19103F-16F7-4668-BE54-9A1E7A4F7556}") = "Wei.Repository.Test", "Wei.Repository.Test\Wei.Repository.Test.csproj", "{4A83D019-9264-49DC-BC05-72131732CF76}"
EndProject
Project("{FAE04EC0-301F-11D3-BF4B-00C04F79EFBC}") = "WebApiDemo", "WebApiDemo\WebApiDemo.csproj", "{0CCCCA9F-2FCD-4DA0-9CCD-1BC2E196BA61}"
EndProject
Global
	GlobalSection(SolutionConfigurationPlatforms) = preSolution
		Debug|Any CPU = Debug|Any CPU
		Release|Any CPU = Release|Any CPU
	EndGlobalSection
	GlobalSection(ProjectConfigurationPlatforms) = postSolution
		{F05B885D-3428-4179-B3E4-67F9156BBE13}.Debug|Any CPU.ActiveCfg = Debug|Any CPU
		{F05B885D-3428-4179-B3E4-67F9156BBE13}.Debug|Any CPU.Build.0 = Debug|Any CPU
		{F05B885D-3428-4179-B3E4-67F9156BBE13}.Release|Any CPU.ActiveCfg = Release|Any CPU
		{F05B885D-3428-4179-B3E4-67F9156BBE13}.Release|Any CPU.Build.0 = Release|Any CPU
		{4A83D019-9264-49DC-BC05-72131732CF76}.Debug|Any CPU.ActiveCfg = Debug|Any CPU
		{4A83D019-9264-49DC-BC05-72131732CF76}.Debug|Any CPU.Build.0 = Debug|Any CPU
		{4A83D019-9264-49DC-BC05-72131732CF76}.Release|Any CPU.ActiveCfg = Release|Any CPU
		{4A83D019-9264-49DC-BC05-72131732CF76}.Release|Any CPU.Build.0 = Release|Any CPU
		{0CCCCA9F-2FCD-4DA0-9CCD-1BC2E196BA61}.Debug|Any CPU.ActiveCfg = Debug|Any CPU
		{0CCCCA9F-2FCD-4DA0-9CCD-1BC2E196BA61}.Debug|Any CPU.Build.0 = Debug|Any CPU
		{0CCCCA9F-2FCD-4DA0-9CCD-1BC2E196BA61}.Release|Any CPU.ActiveCfg = Release|Any CPU
		{0CCCCA9F-2FCD-4DA0-9CCD-1BC2E196BA61}.Release|Any CPU.Build.0 = Release|Any CPU
	EndGlobalSection
	GlobalSection(SolutionProperties) = preSolution
		HideSolutionNode = FALSE
	EndGlobalSection
	GlobalSection(NestedProjects) = preSolution
		{0CCCCA9F-2FCD-4DA0-9CCD-1BC2E196BA61} = {D670B26E-75C6-4B4A-89C9-1436A7D26CFC}
	EndGlobalSection
	GlobalSection(ExtensibilityGlobals) = postSolution
		SolutionGuid = {4DFBECCF-39CA-4B99-BAA9-81DAD4082463}
	EndGlobalSection
EndGlobal
